
Microsoft Visual Studio Solution File, Format Version 12.00
# Visual Studio Version 17
VisualStudioVersion = 17.2.32526.322
MinimumVisualStudioVersion = 10.0.40219.1
Project("{F184B08F-C81C-45F6-A57F-5ABD9991F28F}") = "3DSierpinskiTriangleSpin", "3DSierpinskiTriangleSpin\3DSierpinskiTriangleSpin.vbproj", "{3407EBDF-A8B0-490B-A76F-264737806F03}"
EndProject
Global
	GlobalSection(SolutionConfigurationPlatforms) = preSolution
		Debug|Any CPU = Debug|Any CPU
		Release|Any CPU = Release|Any CPU
	EndGlobalSection
	GlobalSection(ProjectConfigurationPlatforms) = postSolution
		{3407EBDF-A8B0-490B-A76F-264737806F03}.Debug|Any CPU.ActiveCfg = Debug|Any CPU
		{3407EBDF-A8B0-490B-A76F-264737806F03}.Debug|Any CPU.Build.0 = Debug|Any CPU
		{3407EBDF-A8B0-490B-A76F-264737806F03}.Release|Any CPU.ActiveCfg = Release|Any CPU
		{3407EBDF-A8B0-490B-A76F-264737806F03}.Release|Any CPU.Build.0 = Release|Any CPU
	EndGlobalSection
	GlobalSection(SolutionProperties) = preSolution
		HideSolutionNode = FALSE
	EndGlobalSection
	GlobalSection(ExtensibilityGlobals) = postSolution
		SolutionGuid = {51EF21B3-7477-460F-8586-5D75347EC733}
	EndGlobalSection
EndGlobal
